<?xml version="1.0" encoding="utf-8"?>
<Project ToolsVersion="4.0" xmlns="http://schemas.microsoft.com/developer/msbuild/2003">
  <ItemGroup>
    <Filter Include="Engine">
      <UniqueIdentifier>{0b035918-c918-4615-9414-f177517329a4}</UniqueIdentifier>
    </Filter>
    <Filter Include="Engine\Core">
      <UniqueIdentifier>{7ba82331-efc9-4495-8562-b7e8c9889d8e}</UniqueIdentifier>
    </Filter>
    <Filter Include="Engine\Object">
      <UniqueIdentifier>{a8421256-fb98-458c-9064-824961facc94}</UniqueIdentifier>
    </Filter>
    <Filter Include="Levels">
      <UniqueIdentifier>{f4821ade-e650-4327-96af-4839556caa6a}</UniqueIdentifier>
    </Filter>
    <Filter Include="Objects">
      <UniqueIdentifier>{a409987a-df85-4c6e-b3ef-7711aa12ef3f}</UniqueIdentifier>
    </Filter>
    <Filter Include="Shaders">
      <UniqueIdentifier>{e69ebeb5-3a3e-444c-bca2-c8c2bd6772b9}</UniqueIdentifier>
    </Filter>
    <Filter Include="Shaders\SanJiaoXing">
      <UniqueIdentifier>{ffc1830a-9560-4f15-909b-3485445fbdf1}</UniqueIdentifier>
    </Filter>
    <Filter Include="Log">
      <UniqueIdentifier>{d29a2665-0070-4a7a-9c89-05221d4ae123}</UniqueIdentifier>
    </Filter>
    <Filter Include="Engine\Component">
      <UniqueIdentifier>{eea9bcc6-fb4c-47e5-a72c-6cb215a42d8e}</UniqueIdentifier>
    </Filter>
    <Filter Include="Engine\Component\Mesh">
      <UniqueIdentifier>{caabe443-ee2d-47bb-952c-7b6ddaa32a14}</UniqueIdentifier>
    </Filter>
    <Filter Include="Levels\DrawRTSJX">
      <UniqueIdentifier>{197f562a-9a22-46fa-b83e-67b6f4378d7a}</UniqueIdentifier>
    </Filter>
    <Filter Include="Shaders\rtsjx">
      <UniqueIdentifier>{de5fb5d4-57f6-4893-8e75-77e958969b4c}</UniqueIdentifier>
    </Filter>
    <Filter Include="Levels\DrawSJX">
      <UniqueIdentifier>{e3559ee7-8912-4146-bd1b-ba1eea2f98bb}</UniqueIdentifier>
    </Filter>
    <Filter Include="Levels\DrwaBox">
      <UniqueIdentifier>{e8d958fd-3bc7-4f6f-ab29-709ac6af9bbc}</UniqueIdentifier>
    </Filter>
    <Filter Include="Shaders\box">
      <UniqueIdentifier>{da50c201-a39f-4a07-97a2-585a2f1e574d}</UniqueIdentifier>
    </Filter>
    <Filter Include="Levels\DrawBoxWithLight">
      <UniqueIdentifier>{8f386e7a-bc2c-4012-ab92-f735c3b71ea9}</UniqueIdentifier>
    </Filter>
    <Filter Include="Engine\Core\Camera">
      <UniqueIdentifier>{ae9c7b34-3dae-4eb7-bdfd-98500dcb818e}</UniqueIdentifier>
    </Filter>
    <Filter Include="Engine\Core\Texture">
      <UniqueIdentifier>{5c5bf5c3-f778-48c9-99ab-bedabd0cc72e}</UniqueIdentifier>
    </Filter>
    <Filter Include="Objects\SanJiaoXing">
      <UniqueIdentifier>{fed28f9d-c138-4a5c-97ec-8401f4f6861f}</UniqueIdentifier>
    </Filter>
    <Filter Include="Objects\Box">
      <UniqueIdentifier>{e6b939fd-22c7-4a23-b0d4-f0646380070b}</UniqueIdentifier>
    </Filter>
    <Filter Include="Objects\roteSJX">
      <UniqueIdentifier>{fcab04ac-669c-46a0-a02d-837156422c2e}</UniqueIdentifier>
    </Filter>
    <Filter Include="Objects\TexBox">
      <UniqueIdentifier>{022d80d8-e06a-4cc8-8446-43f602337a4f}</UniqueIdentifier>
    </Filter>
    <Filter Include="Shaders\TexBox">
      <UniqueIdentifier>{0e87f4d6-79e5-457d-97a0-2a85002fe1dc}</UniqueIdentifier>
    </Filter>
    <Filter Include="Levels\DrawTexBox">
      <UniqueIdentifier>{21a20e52-fe60-471b-8e15-49fc9bf10475}</UniqueIdentifier>
    </Filter>
    <Filter Include="Components">
      <UniqueIdentifier>{460d981f-9f2b-4236-a9ac-a6c769684c1e}</UniqueIdentifier>
    </Filter>
    <Filter Include="Shaders\Light">
      <UniqueIdentifier>{da08dc1c-b8c3-4cd1-ada9-41de57a04e74}</UniqueIdentifier>
    </Filter>
    <Filter Include="Objects\PointLight">
      <UniqueIdentifier>{5128697b-8fb1-4903-a8f9-222ec2e00441}</UniqueIdentifier>
    </Filter>
    <Filter Include="Shaders\boxWithLight">
      <UniqueIdentifier>{bd0089ac-93f9-4be7-bafd-ac4faa8d7531}</UniqueIdentifier>
    </Filter>
    <Filter Include="Objects\BoxWithLight">
      <UniqueIdentifier>{8019ae86-2c3e-446e-b952-f729024c7ef3}</UniqueIdentifier>
    </Filter>
    <Filter Include="ToolKit">
      <UniqueIdentifier>{a0a63274-dab5-4eb4-afb4-a93b84b796bf}</UniqueIdentifier>
    </Filter>
    <Filter Include="Shaders\TexBoxWithLight">
      <UniqueIdentifier>{e6c199fa-99dc-48b2-a64c-14e705998722}</UniqueIdentifier>
    </Filter>
    <Filter Include="Objects\TexBoxWithLight">
      <UniqueIdentifier>{7456ade6-9ce5-4933-b9b3-458e1c1de048}</UniqueIdentifier>
    </Filter>
    <Filter Include="Levels\DrawTexBoxWithLight">
      <UniqueIdentifier>{0b1a2ea4-2202-41bb-8858-f54a8666ea6a}</UniqueIdentifier>
    </Filter>
  </ItemGroup>
  <ItemGroup>
    <ClCompile Include="Engine\zEngine.cpp">
      <Filter>Engine</Filter>
    </ClCompile>
    <ClCompile Include="ToolKit\FileToolKit.cpp">
      <Filter>ToolKit</Filter>
    </ClCompile>
    <ClCompile Include="main.cpp" />
    <ClCompile Include="ToolKit\GLLib.cpp">
      <Filter>ToolKit</Filter>
    </ClCompile>
    <ClCompile Include="Engine\Core\ShaderProgram.cpp">
      <Filter>Engine\Core</Filter>
    </ClCompile>
    <ClCompile Include="Engine\Core\Shader.cpp">
      <Filter>Engine\Core</Filter>
    </ClCompile>
    <ClCompile Include="Engine\Core\Level.cpp">
      <Filter>Engine\Core</Filter>
    </ClCompile>
    <ClCompile Include="Engine\Object\Object.cpp">
      <Filter>Engine\Object</Filter>
    </ClCompile>
    <ClCompile Include="Engine\Component\Mesh\Mesh.cpp">
      <Filter>Engine\Component\Mesh</Filter>
    </ClCompile>
    <ClCompile Include="Levels\DrawRTSJX\DrawRTSJX.cpp">
      <Filter>Levels\DrawRTSJX</Filter>
    </ClCompile>
    <ClCompile Include="Engine\Component\Component.cpp">
      <Filter>Engine\Component</Filter>
    </ClCompile>
    <ClCompile Include="Levels\DrawBox\DrawBox.cpp">
      <Filter>Levels\DrwaBox</Filter>
    </ClCompile>
    <ClCompile Include="Levels\DrawSJX\DrawSanjiaoxing.cpp">
      <Filter>Levels\DrawSJX</Filter>
    </ClCompile>
    <ClCompile Include="Levels\BoxWithLight\DrawBoxWithLight.cpp">
      <Filter>Levels\DrawBoxWithLight</Filter>
    </ClCompile>
    <ClCompile Include="Engine\Core\Camera\Camera.cpp">
      <Filter>Engine\Core\Camera</Filter>
    </ClCompile>
    <ClCompile Include="ToolKit\ImgToolKit.cpp">
      <Filter>ToolKit</Filter>
    </ClCompile>
    <ClCompile Include="ToolKit\stb_img.cpp">
      <Filter>ToolKit</Filter>
    </ClCompile>
    <ClCompile Include="Engine\Core\Texture2D\Texture2D.cpp">
      <Filter>Engine\Core\Texture</Filter>
    </ClCompile>
    <ClCompile Include="Levels\DrawTexBox\DrawTexBox.cpp">
      <Filter>Levels\DrawTexBox</Filter>
    </ClCompile>
    <ClCompile Include="ToolKit\glad.c">
      <Filter>ToolKit</Filter>
    </ClCompile>
    <ClCompile Include="LogPrinter\Log.cpp">
      <Filter>Log</Filter>
    </ClCompile>
    <ClCompile Include="Levels\TexBoxWithLight\DrawTexBoxWithLight.cpp">
      <Filter>Levels\DrawTexBoxWithLight</Filter>
    </ClCompile>
    <ClCompile Include="Engine\SubSystem\AssetSystem.cpp" />
    <ClCompile Include="Levels\BoxWithMat\DrawBoxWithMat.cpp" />
    <ClCompile Include="Levels\DrawAdvanceLight\DrawAdvanceLight.cpp" />
    <ClCompile Include="Objects\DrawAdvanceBox\BoxV3.cpp" />
    <ClCompile Include="Objects\DriectLight\DriectLight.cpp" />
    <ClCompile Include="Objects\SpotLight\SpotLight.cpp" />
    <ClCompile Include="Engine\Component\Model\Model.cpp" />
    <ClCompile Include="Engine\Core\TextureAssimp\TextureAssimp.cpp" />
    <ClCompile Include="Engine\Core\Vertex\Vertex.cpp" />
    <ClCompile Include="MeshData\Box\Mesh_Box.cpp" />
    <ClCompile Include="Engine\Core\DrawCommand\RenderCommand.cpp" />
    <ClCompile Include="Engine\Core\DrawCommand\RenderCommandQueue.cpp" />
    <ClCompile Include="Engine\Core\InputSystem\InputSystem.cpp" />
    <ClCompile Include="Levels\DrawBlend\DrawBlend.cpp" />
    <ClCompile Include="Levels\DrawDepthTestBuffer\DrawDepthTestBuffer.cpp" />
    <ClCompile Include="Levels\DrawStencilTest\DrawStencilTest.cpp" />
    <ClCompile Include="Levels\NanoSuit0\DrawNanosuit.cpp" />
    <ClCompile Include="MeshData\Plan\Mesh_Plan.cpp" />
    <ClCompile Include="Objects\Box\Box.cpp" />
    <ClCompile Include="Objects\Box\BoxWithLight.cpp" />
    <ClCompile Include="Objects\Box\BoxWithMaterial.cpp" />
    <ClCompile Include="Objects\Box\TexBox.cpp" />
    <ClCompile Include="Objects\Box\TexBoxWithLight.cpp" />
    <ClCompile Include="Objects\MeshOutline\MeshOutline.cpp" />
    <ClCompile Include="Objects\PlaneWithLight\PlaneWithLight.cpp" />
    <ClCompile Include="Objects\PointLight\PointLight.cpp" />
    <ClCompile Include="Objects\PointLight\PointLightV2.cpp" />
    <ClCompile Include="Objects\PointLight\PointLightV3.cpp" />
    <ClCompile Include="Objects\SanJiaoXing\roteSJX.cpp" />
    <ClCompile Include="Objects\SanJiaoXing\SanJiaoXing.cpp" />
    <ClCompile Include="Objects\TurnModelScript\TurnModelScript.cpp" />
    <ClCompile Include="ToolKit\QuaternionUtils\QuaternionUtils.cpp" />
    <ClCompile Include="ToolKit\Queue.cpp" />
    <ClCompile Include="ToolKit\TimerToolkit.cpp" />
    <ClCompile Include="Engine\Core\GlobalUnifromBuffer\GlobalUniformBuffer.cpp" />
  </ItemGroup>
  <ItemGroup>
    <ClInclude Include="Engine\zEngine.h">
      <Filter>Engine</Filter>
    </ClInclude>
    <ClInclude Include="ToolKit\FileToolKit.h">
      <Filter>ToolKit</Filter>
    </ClInclude>
    <ClInclude Include="ToolKit\Typedef.h">
      <Filter>ToolKit</Filter>
    </ClInclude>
    <ClInclude Include="ToolKit\GLLib.h">
      <Filter>ToolKit</Filter>
    </ClInclude>
    <ClInclude Include="Engine\Core\ShaderProgram.h">
      <Filter>Engine\Core</Filter>
    </ClInclude>
    <ClInclude Include="Header.h" />
    <ClInclude Include="Engine\Core\Shader.h">
      <Filter>Engine\Core</Filter>
    </ClInclude>
    <ClInclude Include="Engine\Core\Level.h">
      <Filter>Engine\Core</Filter>
    </ClInclude>
    <ClInclude Include="Engine\Object\Object.h">
      <Filter>Engine\Object</Filter>
    </ClInclude>
    <ClInclude Include="Engine\Component\Mesh\Mesh.h">
      <Filter>Engine\Component\Mesh</Filter>
    </ClInclude>
    <ClInclude Include="Levels\DrawRTSJX\DrawRTSJX.h">
      <Filter>Levels\DrawRTSJX</Filter>
    </ClInclude>
    <ClInclude Include="Engine\Component\Component.h">
      <Filter>Engine\Component</Filter>
    </ClInclude>
    <ClInclude Include="Levels\DrawBox\DrawBox.h">
      <Filter>Levels\DrwaBox</Filter>
    </ClInclude>
    <ClInclude Include="Levels\LevelHeader.h">
      <Filter>Levels</Filter>
    </ClInclude>
    <ClInclude Include="Levels\DrawSJX\DrawSanjiaoxing.h">
      <Filter>Levels\DrawSJX</Filter>
    </ClInclude>
    <ClInclude Include="Levels\BoxWithLight\DrawBoxWithLight.h">
      <Filter>Levels\DrawBoxWithLight</Filter>
    </ClInclude>
    <ClInclude Include="Engine\Core\Camera\Camera.h">
      <Filter>Engine\Core\Camera</Filter>
    </ClInclude>
    <ClInclude Include="ToolKit\ImgToolKit.h">
      <Filter>ToolKit</Filter>
    </ClInclude>
    <ClInclude Include="ToolKit\stb_img.h">
      <Filter>ToolKit</Filter>
    </ClInclude>
    <ClInclude Include="Engine\Core\Texture2D\Texture2D.h">
      <Filter>Engine\Core\Texture</Filter>
    </ClInclude>
    <ClInclude Include="Levels\DrawTexBox\DrawTexBox.h">
      <Filter>Levels\DrawTexBox</Filter>
    </ClInclude>
    <ClInclude Include="Objects\ObjectHeader.h">
      <Filter>Objects</Filter>
    </ClInclude>
    <ClInclude Include="LogPrinter\Log.h">
      <Filter>Log</Filter>
    </ClInclude>
    <ClInclude Include="Levels\TexBoxWithLight\DrawTexBoxWithLight.h">
      <Filter>Levels\DrawTexBoxWithLight</Filter>
    </ClInclude>
    <ClInclude Include="Engine\SubSystem\AssetSystem.h" />
    <ClInclude Include="Levels\BoxWithMat\DrawBoxWithMat.h" />
    <ClInclude Include="Levels\DrawAdvanceLight\DrawAdvanceLight.h" />
    <ClInclude Include="Objects\DrawAdvanceBox\BoxV3.h" />
    <ClInclude Include="Objects\DriectLight\DriectLight.h" />
    <ClInclude Include="Objects\SpotLight\SpotLight.h" />
    <ClInclude Include="Engine\Component\Model\Model.h" />
    <ClInclude Include="Engine\Core\TextureAssimp\TextureAssimp.h" />
    <ClInclude Include="Engine\Core\Vertex\Vertex.h" />
    <ClInclude Include="MeshData\Box\Mesh_Box.h" />
    <ClInclude Include="Engine\Core\DrawCommand\RenderCommand.h" />
    <ClInclude Include="Engine\Core\DrawCommand\RenderCommandQueue.h" />
    <ClInclude Include="Engine\Core\InputSystem\InputSystem.h" />
    <ClInclude Include="Levels\DrawBlend\DrawBlend.h" />
    <ClInclude Include="Levels\DrawDepthTestBuffer\DrawDepthTestBuffer.h" />
    <ClInclude Include="Levels\DrawStencilTest\DrawStencilTest.h" />
    <ClInclude Include="Levels\NanoSuit0\DrawNanosuit.h" />
    <ClInclude Include="MeshData\Plan\Mesh_Plan.h" />
    <ClInclude Include="Objects\Box\Box.h" />
    <ClInclude Include="Objects\Box\BoxWithLight.h" />
    <ClInclude Include="Objects\Box\BoxWithMaterial.h" />
    <ClInclude Include="Objects\Box\TexBox.h" />
    <ClInclude Include="Objects\Box\TexBoxWithLight.h" />
    <ClInclude Include="Objects\MeshOutline\MeshOutline.h" />
    <ClInclude Include="Objects\PlaneWithLight\PlaneWithLight.h" />
    <ClInclude Include="Objects\PointLight\PointLight.h" />
    <ClInclude Include="Objects\PointLight\PointLightV2.h" />
    <ClInclude Include="Objects\PointLight\PointLightV3.h" />
    <ClInclude Include="Objects\SanJiaoXing\roteSJX.h" />
    <ClInclude Include="Objects\SanJiaoXing\SanJiaoXing.h" />
    <ClInclude Include="Objects\TurnModelScript\TurnModelScript.h" />
    <ClInclude Include="ToolKit\QuaternionUtils\QuaternionUtils.h" />
    <ClInclude Include="ToolKit\Queue.h" />
    <ClInclude Include="ToolKit\TimerToolkit.h" />
    <ClInclude Include="Engine\Core\GlobalUnifromBuffer\GlobalUniformBuffer.h" />
  </ItemGroup>
  <ItemGroup>
    <None Include="Shaders\SanJiaoXing.vsc">
      <Filter>Shaders\SanJiaoXing</Filter>
    </None>
    <None Include="Shaders\SanJiaoXing.fsc">
      <Filter>Shaders\SanJiaoXing</Filter>
    </None>
    <None Include="Shaders\rtsjx.vsc">
      <Filter>Shaders\rtsjx</Filter>
    </None>
    <None Include="Shaders\rtsjx.fsc">
      <Filter>Shaders\rtsjx</Filter>
    </None>
    <None Include="Shaders\Box.vsc">
      <Filter>Shaders\box</Filter>
    </None>
    <None Include="Shaders\Box.fsc">
      <Filter>Shaders\box</Filter>
    </None>
    <None Include="Shaders\TexBox.fsc">
      <Filter>Shaders\TexBox</Filter>
    </None>
    <None Include="Shaders\TexBox.vsc">
      <Filter>Shaders\TexBox</Filter>
    </None>
    <None Include="Shaders\boxWithLight.vsc">
      <Filter>Shaders\boxWithLight</Filter>
    </None>
    <None Include="Shaders\boxWithLight.fsc">
      <Filter>Shaders\boxWithLight</Filter>
    </None>
    <None Include="Shaders\texBoxWithLight.fsc">
      <Filter>Shaders\TexBoxWithLight</Filter>
    </None>
    <None Include="Shaders\texBoxWithLight.vsc">
      <Filter>Shaders\TexBoxWithLight</Filter>
    </None>
    <None Include="Shaders\Light\pointLight.fsc" />
    <None Include="Shaders\Light\pointLight.vsc" />
    <None Include="Shaders\Light\SpotLight.fsc" />
    <None Include="Shaders\Light\SpotLight.vsc" />
  </ItemGroup>
</Project>